{
  "requires": true,
  "lockfileVersion": 1,
  "dependencies": {
    "axios": {
      "version": "0.20.0",
      "resolved": "https://npm.onservo.com/axios/-/axios-0.20.0.tgz",
      "integrity": "sha1-BXujDwSIRpSZOozQf6OUz/EcUL0=",
      "requires": {
        "follow-redirects": "^1.10.0"
      }
    },
    "espn-fantasy-football-api": {
      "version": "0.16.0",
      "resolved": "https://npm.onservo.com/espn-fantasy-football-api/-/espn-fantasy-football-api-0.16.0.tgz",
      "integrity": "sha1-lifEtwQGuiqkQA6GLSHhwmYzSao=",
      "requires": {
        "axios": "^0.20.0",
        "lodash": "^4.17.20"
      }
    },
    "follow-redirects": {
      "version": "1.13.0",
      "resolved": "https://npm.onservo.com/follow-redirects/-/follow-redirects-1.13.0.tgz",
      "integrity": "sha1-tC6Nk6Kn7qXtiGM2dtZZe8jjhNs="
    },
    "lodash": {
      "version": "4.17.20",
      "resolved": "https://npm.onservo.com/lodash/-/lodash-4.17.20.tgz",
      "integrity": "sha1-tEqbYpe8tpjxxRo1RaKzs2jVnFI="
    }
  }
}
